{
  "name": "minimal-mistakes",
  "version": "4.27.2",
  "lockfileVersion": 3,
  "requires": true,
  "packages": {
    "": {
      "name": "minimal-mistakes",
      "version": "4.27.2",
      "license": "MIT",
      "dependencies": {
        "@sentry/vue": "^7.53.1",
        "intro.js": "^7.0.1"
      },
      "devDependencies": {
        "uglify-js": "^3.17.4"
      },
      "engines": {
        "node": "18.x"
      }
    },
    "node_modules/@babel/parser": {
      "version": "7.22.3",
      "resolved": "https://registry.npmjs.org/@babel/parser/-/parser-7.22.3.tgz",
      "integrity": "sha512-vrukxyW/ep8UD1UDzOYpTKQ6abgjFoeG6L+4ar9+c5TN9QnlqiOi6QK7LSR5ewm/ERyGkT/Ai6VboNrxhbr9Uw==",
      "peer": true,
      "bin": {
        "parser": "bin/babel-parser.js"
      },
      "engines": {
        "node": ">=6.0.0"
      }
    },
    "node_modules/uglify-js": {
      "version": "3.17.4",
      "resolved": "https://registry.npmjs.org/uglify-js/-/uglify-js-3.17.4.tgz",
      "integrity": "sha512-T9q82TJI9e/C1TAxYvfb16xO120tMVFZrGA3f9/P4424DNu6ypK103y0GPFVa17yotwSyZW5iYXgjYHkGrJW/g==",
      "dev": true,
      "bin": {
        "uglifyjs": "bin/uglifyjs"
      },
      "engines": {
        "node": ">=0.8.0"
      }
    }
  }
}
